
Microsoft Visual Studio Solution File, Format Version 12.00
# Visual Studio Version 16
VisualStudioVersion = 16.0.31515.178
MinimumVisualStudioVersion = 10.0.40219.1
Project("{9A19103F-16F7-4668-BE54-9A1E7A4F7556}") = "MechTechAPI", "MechTechAPI.csproj", "{85420DCB-7DC8-424F-9FC0-042CD736AD55}"
EndProject
Global
	GlobalSection(SolutionConfigurationPlatforms) = preSolution
		Debug|Any CPU = Debug|Any CPU
		Release|Any CPU = Release|Any CPU
	EndGlobalSection
	GlobalSection(ProjectConfigurationPlatforms) = postSolution
		{85420DCB-7DC8-424F-9FC0-042CD736AD55}.Debug|Any CPU.ActiveCfg = Debug|Any CPU
		{85420DCB-7DC8-424F-9FC0-042CD736AD55}.Debug|Any CPU.Build.0 = Debug|Any CPU
		{85420DCB-7DC8-424F-9FC0-042CD736AD55}.Release|Any CPU.ActiveCfg = Release|Any CPU
		{85420DCB-7DC8-424F-9FC0-042CD736AD55}.Release|Any CPU.Build.0 = Release|Any CPU
	EndGlobalSection
	GlobalSection(SolutionProperties) = preSolution
		HideSolutionNode = FALSE
	EndGlobalSection
	GlobalSection(ExtensibilityGlobals) = postSolution
		SolutionGuid = {3D466C35-C745-4505-9482-0BA730DF4359}
	EndGlobalSection
EndGlobal
